// !$*UTF8*$!
{
	archiveVersion = 1;
	classes = {
	};
	objectVersion = 46;
	objects = {

/* Begin PBXBuildFile section */
		FF18F03B19EDC2F2009D42F6 /* AppDelegate.swift in Sources */ = {isa = PBXBuildFile; fileRef = FF18F03A19EDC2F2009D42F6 /* AppDelegate.swift */; };
		FF18F03E19EDC2F2009D42F6 /* Presenter.xcdatamodeld in Sources */ = {isa = PBXBuildFile; fileRef = FF18F03C19EDC2F2009D42F6 /* Presenter.xcdatamodeld */; };
		FF18F04019EDC2F2009D42F6 /* ViewController.swift in Sources */ = {isa = PBXBuildFile; fileRef = FF18F03F19EDC2F2009D42F6 /* ViewController.swift */; };
		FF18F04319EDC2F2009D42F6 /* Main.storyboard in Resources */ = {isa = PBXBuildFile; fileRef = FF18F04119EDC2F2009D42F6 /* Main.storyboard */; };
		FF18F04519EDC2F2009D42F6 /* Images.xcassets in Resources */ = {isa = PBXBuildFile; fileRef = FF18F04419EDC2F2009D42F6 /* Images.xcassets */; };
		FF18F04819EDC2F2009D42F6 /* LaunchScreen.xib in Resources */ = {isa = PBXBuildFile; fileRef = FF18F04619EDC2F2009D42F6 /* LaunchScreen.xib */; };
		FF18F05419EDC2F2009D42F6 /* PresenterTests.swift in Sources */ = {isa = PBXBuildFile; fileRef = FF18F05319EDC2F2009D42F6 /* PresenterTests.swift */; };
/* End PBXBuildFile section */

/* Begin PBXContainerItemProxy section */
		FF18F04E19EDC2F2009D42F6 /* PBXContainerItemProxy */ = {
			isa = PBXContainerItemProxy;
			containerPortal = FF18F02D19EDC2F2009D42F6 /* Project object */;
			proxyType = 1;
			remoteGlobalIDString = FF18F03419EDC2F2009D42F6;
			remoteInfo = Presenter;
		};
/* End PBXContainerItemProxy section */

/* Begin PBXFileReference section */
		FF18F03519EDC2F2009D42F6 /* Presenter.app */ = {isa = PBXFileReference; explicitFileType = wrapper.application; includeInIndex = 0; path = Presenter.app; sourceTree = BUILT_PRODUCTS_DIR; };
		FF18F03919EDC2F2009D42F6 /* Info.plist */ = {isa = PBXFileReference; lastKnownFileType = text.plist.xml; path = Info.plist; sourceTree = "<group>"; };
		FF18F03A19EDC2F2009D42F6 /* AppDelegate.swift */ = {isa = PBXFileReference; lastKnownFileType = sourcecode.swift; path = AppDelegate.swift; sourceTree = "<group>"; };
		FF18F03D19EDC2F2009D42F6 /* Presenter.xcdatamodel */ = {isa = PBXFileReference; lastKnownFileType = wrapper.xcdatamodel; path = Presenter.xcdatamodel; sourceTree = "<group>"; };
		FF18F03F19EDC2F2009D42F6 /* ViewController.swift */ = {isa = PBXFileReference; lastKnownFileType = sourcecode.swift; path = ViewController.swift; sourceTree = "<group>"; };
		FF18F04219EDC2F2009D42F6 /* Base */ = {isa = PBXFileReference; lastKnownFileType = file.storyboard; name = Base; path = Base.lproj/Main.storyboard; sourceTree = "<group>"; };
		FF18F04419EDC2F2009D42F6 /* Images.xcassets */ = {isa = PBXFileReference; lastKnownFileType = folder.assetcatalog; path = Images.xcassets; sourceTree = "<group>"; };
		FF18F04719EDC2F2009D42F6 /* Base */ = {isa = PBXFileReference; lastKnownFileType = file.xib; name = Base; path = Base.lproj/LaunchScreen.xib; sourceTree = "<group>"; };
		FF18F04D19EDC2F2009D42F6 /* PresenterTests.xctest */ = {isa = PBXFileReference; explicitFileType = wrapper.cfbundle; includeInIndex = 0; path = PresenterTests.xctest; sourceTree = BUILT_PRODUCTS_DIR; };
		FF18F05219EDC2F2009D42F6 /* Info.plist */ = {isa = PBXFileReference; lastKnownFileType = text.plist.xml; path = Info.plist; sourceTree = "<group>"; };
		FF18F05319EDC2F2009D42F6 /* PresenterTests.swift */ = {isa = PBXFileReference; lastKnownFileType = sourcecode.swift; path = PresenterTests.swift; sourceTree = "<group>"; };
/* End PBXFileReference section */

/* Begin PBXFrameworksBuildPhase section */
		FF18F03219EDC2F2009D42F6 /* Frameworks */ = {
			isa = PBXFrameworksBuildPhase;
			buildActionMask = 2147483647;
			files = (
			);
			runOnlyForDeploymentPostprocessing = 0;
		};
		FF18F04A19EDC2F2009D42F6 /* Frameworks */ = {
			isa = PBXFrameworksBuildPhase;
			buildActionMask = 2147483647;
			files = (
			);
			runOnlyForDeploymentPostprocessing = 0;
		};
/* End PBXFrameworksBuildPhase section */

/* Begin PBXGroup section */
		FF18F02C19EDC2F2009D42F6 = {
			isa = PBXGroup;
			children = (
				FF18F03719EDC2F2009D42F6 /* Presenter */,
				FF18F05019EDC2F2009D42F6 /* PresenterTests */,
				FF18F03619EDC2F2009D42F6 /* Products */,
			);
			sourceTree = "<group>";
		};
		FF18F03619EDC2F2009D42F6 /* Products */ = {
			isa = PBXGroup;
			children = (
				FF18F03519EDC2F2009D42F6 /* Presenter.app */,
				FF18F04D19EDC2F2009D42F6 /* PresenterTests.xctest */,
			);
			name = Products;
			sourceTree = "<group>";
		};
		FF18F03719EDC2F2009D42F6 /* Presenter */ = {
			isa = PBXGroup;
			children = (
				FF18F03A19EDC2F2009D42F6 /* AppDelegate.swift */,
				FF18F03F19EDC2F2009D42F6 /* ViewController.swift */,
				FF18F04119EDC2F2009D42F6 /* Main.storyboard */,
				FF18F04419EDC2F2009D42F6 /* Images.xcassets */,
				FF18F04619EDC2F2009D42F6 /* LaunchScreen.xib */,
				FF18F03C19EDC2F2009D42F6 /* Presenter.xcdatamodeld */,
				FF18F03819EDC2F2009D42F6 /* Supporting Files */,
			);
			path = Presenter;
			sourceTree = "<group>";
		};
		FF18F03819EDC2F2009D42F6 /* Supporting Files */ = {
			isa = PBXGroup;
			children = (
				FF18F03919EDC2F2009D42F6 /* Info.plist */,
			);
			name = "Supporting Files";
			sourceTree = "<group>";
		};
		FF18F05019EDC2F2009D42F6 /* PresenterTests */ = {
			isa = PBXGroup;
			children = (
				FF18F05319EDC2F2009D42F6 /* PresenterTests.swift */,
				FF18F05119EDC2F2009D42F6 /* Supporting Files */,
			);
			path = PresenterTests;
			sourceTree = "<group>";
		};
		FF18F05119EDC2F2009D42F6 /* Supporting Files */ = {
			isa = PBXGroup;
			children = (
				FF18F05219EDC2F2009D42F6 /* Info.plist */,
			);
			name = "Supporting Files";
			sourceTree = "<group>";
		};
/* End PBXGroup section */

/* Begin PBXNativeTarget section */
		FF18F03419EDC2F2009D42F6 /* Presenter */ = {
			isa = PBXNativeTarget;
			buildConfigurationList = FF18F05719EDC2F2009D42F6 /* Build configuration list for PBXNativeTarget "Presenter" */;
			buildPhases = (
				FF18F03119EDC2F2009D42F6 /* Sources */,
				FF18F03219EDC2F2009D42F6 /* Frameworks */,
				FF18F03319EDC2F2009D42F6 /* Resources */,
			);
			buildRules = (
			);
			dependencies = (
			);
			name = Presenter;
			productName = Presenter;
			productReference = FF18F03519EDC2F2009D42F6 /* Presenter.app */;
			productType = "com.apple.product-type.application";
		};
		FF18F04C19EDC2F2009D42F6 /* PresenterTests */ = {
			isa = PBXNativeTarget;
			buildConfigurationList = FF18F05A19EDC2F2009D42F6 /* Build configuration list for PBXNativeTarget "PresenterTests" */;
			buildPhases = (
				FF18F04919EDC2F2009D42F6 /* Sources */,
				FF18F04A19EDC2F2009D42F6 /* Frameworks */,
				FF18F04B19EDC2F2009D42F6 /* Resources */,
			);
			buildRules = (
			);
			dependencies = (
				FF18F04F19EDC2F2009D42F6 /* PBXTargetDependency */,
			);
			name = PresenterTests;
			productName = PresenterTests;
			productReference = FF18F04D19EDC2F2009D42F6 /* PresenterTests.xctest */;
			productType = "com.apple.product-type.bundle.unit-test";
		};
/* End PBXNativeTarget section */

/* Begin PBXProject section */
		FF18F02D19EDC2F2009D42F6 /* Project object */ = {
			isa = PBXProject;
			attributes = {
				LastUpgradeCheck = 0600;
				ORGANIZATIONNAME = "Meyer Co.";
				TargetAttributes = {
					FF18F03419EDC2F2009D42F6 = {
						CreatedOnToolsVersion = 6.0;
						DevelopmentTeam = 7ZCMA49A25;
					};
					FF18F04C19EDC2F2009D42F6 = {
						CreatedOnToolsVersion = 6.0;
						TestTargetID = FF18F03419EDC2F2009D42F6;
					};
				};
			};
			buildConfigurationList = FF18F03019EDC2F2009D42F6 /* Build configuration list for PBXProject "Presenter" */;
			compatibilityVersion = "Xcode 3.2";
			developmentRegion = English;
			hasScannedForEncodings = 0;
			knownRegions = (
				en,
				Base,
			);
			mainGroup = FF18F02C19EDC2F2009D42F6;
			productRefGroup = FF18F03619EDC2F2009D42F6 /* Products */;
			projectDirPath = "";
			projectRoot = "";
			targets = (
				FF18F03419EDC2F2009D42F6 /* Presenter */,
				FF18F04C19EDC2F2009D42F6 /* PresenterTests */,
			);
		};
/* End PBXProject section */

/* Begin PBXResourcesBuildPhase section */
		FF18F03319EDC2F2009D42F6 /* Resources */ = {
			isa = PBXResourcesBuildPhase;
			buildActionMask = 2147483647;
			files = (
				FF18F04319EDC2F2009D42F6 /* Main.storyboard in Resources */,
				FF18F04819EDC2F2009D42F6 /* LaunchScreen.xib in Resources */,
				FF18F04519EDC2F2009D42F6 /* Images.xcassets in Resources */,
			);
			runOnlyForDeploymentPostprocessing = 0;
		};
		FF18F04B19EDC2F2009D42F6 /* Resources */ = {
			isa = PBXResourcesBuildPhase;
			buildActionMask = 2147483647;
			files = (
			);
			runOnlyForDeploymentPostprocessing = 0;
		};
/* End PBXResourcesBuildPhase section */

/* Begin PBXSourcesBuildPhase section */
		FF18F03119EDC2F2009D42F6 /* Sources */ = {
			isa = PBXSourcesBuildPhase;
			buildActionMask = 2147483647;
			files = (
				FF18F04019EDC2F2009D42F6 /* ViewController.swift in Sources */,
				FF18F03E19EDC2F2009D42F6 /* Presenter.xcdatamodeld in Sources */,
				FF18F03B19EDC2F2009D42F6 /* AppDelegate.swift in Sources */,
			);
			runOnlyForDeploymentPostprocessing = 0;
		};
		FF18F04919EDC2F2009D42F6 /* Sources */ = {
			isa = PBXSourcesBuildPhase;
			buildActionMask = 2147483647;
			files = (
				FF18F05419EDC2F2009D42F6 /* PresenterTests.swift in Sources */,
			);
			runOnlyForDeploymentPostprocessing = 0;
		};
/* End PBXSourcesBuildPhase section */

/* Begin PBXTargetDependency section */
		FF18F04F19EDC2F2009D42F6 /* PBXTargetDependency */ = {
			isa = PBXTargetDependency;
			target = FF18F03419EDC2F2009D42F6 /* Presenter */;
			targetProxy = FF18F04E19EDC2F2009D42F6 /* PBXContainerItemProxy */;
		};
/* End PBXTargetDependency section */

/* Begin PBXVariantGroup section */
		FF18F04119EDC2F2009D42F6 /* Main.storyboard */ = {
			isa = PBXVariantGroup;
			children = (
				FF18F04219EDC2F2009D42F6 /* Base */,
			);
			name = Main.storyboard;
			sourceTree = "<group>";
		};
		FF18F04619EDC2F2009D42F6 /* LaunchScreen.xib */ = {
			isa = PBXVariantGroup;
			children = (
				FF18F04719EDC2F2009D42F6 /* Base */,
			);
			name = LaunchScreen.xib;
			sourceTree = "<group>";
		};
/* End PBXVariantGroup section */

/* Begin XCBuildConfiguration section */
		FF18F05519EDC2F2009D42F6 /* Debug */ = {
			isa = XCBuildConfiguration;
			buildSettings = {
				ALWAYS_SEARCH_USER_PATHS = NO;
				CLANG_CXX_LANGUAGE_STANDARD = "gnu++0x";
				CLANG_CXX_LIBRARY = "libc++";
				CLANG_ENABLE_MODULES = YES;
				CLANG_ENABLE_OBJC_ARC = YES;
				CLANG_WARN_BOOL_CONVERSION = YES;
				CLANG_WARN_CONSTANT_CONVERSION = YES;
				CLANG_WARN_DIRECT_OBJC_ISA_USAGE = YES_ERROR;
				CLANG_WARN_EMPTY_BODY = YES;
				CLANG_WARN_ENUM_CONVERSION = YES;
				CLANG_WARN_INT_CONVERSION = YES;
				CLANG_WARN_OBJC_ROOT_CLASS = YES_ERROR;
				CLANG_WARN_UNREACHABLE_CODE = YES;
				CLANG_WARN__DUPLICATE_METHOD_MATCH = YES;
				"CODE_SIGN_IDENTITY[sdk=iphoneos*]" = "iPhone Developer";
				COPY_PHASE_STRIP = NO;
				ENABLE_STRICT_OBJC_MSGSEND = YES;
				GCC_C_LANGUAGE_STANDARD = gnu99;
				GCC_DYNAMIC_NO_PIC = NO;
				GCC_OPTIMIZATION_LEVEL = 0;
				GCC_PREPROCESSOR_DEFINITIONS = (
					"DEBUG=1",
					"$(inherited)",
				);
				GCC_SYMBOLS_PRIVATE_EXTERN = NO;
				GCC_WARN_64_TO_32_BIT_CONVERSION = YES;
				GCC_WARN_ABOUT_RETURN_TYPE = YES_ERROR;
				GCC_WARN_UNDECLARED_SELECTOR = YES;
				GCC_WARN_UNINITIALIZED_AUTOS = YES_AGGRESSIVE;
				GCC_WARN_UNUSED_FUNCTION = YES;
				GCC_WARN_UNUSED_VARIABLE = YES;
				IPHONEOS_DEPLOYMENT_TARGET = 8.0;
				MTL_ENABLE_DEBUG_INFO = YES;
				ONLY_ACTIVE_ARCH = YES;
				SDKROOT = iphoneos;
				SWIFT_OPTIMIZATION_LEVEL = "-Onone";
				TARGETED_DEVICE_FAMILY = "1,2";
			};
			name = Debug;
		};
		FF18F05619EDC2F2009D42F6 /* Release */ = {
			isa = XCBuildConfiguration;
			buildSettings = {
				ALWAYS_SEARCH_USER_PATHS = NO;
				CLANG_CXX_LANGUAGE_STANDARD = "gnu++0x";
				CLANG_CXX_LIBRARY = "libc++";
				CLANG_ENABLE_MODULES = YES;
				CLANG_ENABLE_OBJC_ARC = YES;
				CLANG_WARN_BOOL_CONVERSION = YES;
				CLANG_WARN_CONSTANT_CONVERSION = YES;
				CLANG_WARN_DIRECT_OBJC_ISA_USAGE = YES_ERROR;
				CLANG_WARN_EMPTY_BODY = YES;
				CLANG_WARN_ENUM_CONVERSION = YES;
				CLANG_WARN_INT_CONVERSION = YES;
				CLANG_WARN_OBJC_ROOT_CLASS = YES_ERROR;
				CLANG_WARN_UNREACHABLE_CODE = YES;
				CLANG_WARN__DUPLICATE_METHOD_MATCH = YES;
				"CODE_SIGN_IDENTITY[sdk=iphoneos*]" = "iPhone Developer";
				COPY_PHASE_STRIP = YES;
				ENABLE_NS_ASSERTIONS = NO;
				ENABLE_STRICT_OBJC_MSGSEND = YES;
				GCC_C_LANGUAGE_STANDARD = gnu99;
				GCC_WARN_64_TO_32_BIT_CONVERSION = YES;
				GCC_WARN_ABOUT_RETURN_TYPE = YES_ERROR;
				GCC_WARN_UNDECLARED_SELECTOR = YES;
				GCC_WARN_UNINITIALIZED_AUTOS = YES_AGGRESSIVE;
				GCC_WARN_UNUSED_FUNCTION = YES;
				GCC_WARN_UNUSED_VARIABLE = YES;
				IPHONEOS_DEPLOYMENT_TARGET = 8.0;
				MTL_ENABLE_DEBUG_INFO = NO;
				SDKROOT = iphoneos;
				TARGETED_DEVICE_FAMILY = "1,2";
				VALIDATE_PRODUCT = YES;
			};
			name = Release;
		};
		FF18F05819EDC2F2009D42F6 /* Debug */ = {
			isa = XCBuildConfiguration;
			buildSettings = {
				ASSETCATALOG_COMPILER_APPICON_NAME = AppIcon;
				INFOPLIST_FILE = Presenter/Info.plist;
				LD_RUNPATH_SEARCH_PATHS = "$(inherited) @executable_path/Frameworks";
				PRODUCT_NAME = "$(TARGET_NAME)";
			};
			name = Debug;
		};
		FF18F05919EDC2F2009D42F6 /* Release */ = {
			isa = XCBuildConfiguration;
			buildSettings = {
				ASSETCATALOG_COMPILER_APPICON_NAME = AppIcon;
				INFOPLIST_FILE = Presenter/Info.plist;
				LD_RUNPATH_SEARCH_PATHS = "$(inherited) @executable_path/Frameworks";
				PRODUCT_NAME = "$(TARGET_NAME)";
			};
			name = Release;
		};
		FF18F05B19EDC2F2009D42F6 /* Debug */ = {
			isa = XCBuildConfiguration;
			buildSettings = {
				BUNDLE_LOADER = "$(TEST_HOST)";
				FRAMEWORK_SEARCH_PATHS = (
					"$(SDKROOT)/Developer/Library/Frameworks",
					"$(inherited)",
				);
				GCC_PREPROCESSOR_DEFINITIONS = (
					"DEBUG=1",
					"$(inherited)",
				);
				INFOPLIST_FILE = PresenterTests/Info.plist;
				LD_RUNPATH_SEARCH_PATHS = "$(inherited) @executable_path/Frameworks @loader_path/Frameworks";
				PRODUCT_NAME = "$(TARGET_NAME)";
				TEST_HOST = "$(BUILT_PRODUCTS_DIR)/Presenter.app/Presenter";
			};
			name = Debug;
		};
		FF18F05C19EDC2F2009D42F6 /* Release */ = {
			isa = XCBuildConfiguration;
			buildSettings = {
				BUNDLE_LOADER = "$(TEST_HOST)";
				FRAMEWORK_SEARCH_PATHS = (
					"$(SDKROOT)/Developer/Library/Frameworks",
					"$(inherited)",
				);
				INFOPLIST_FILE = PresenterTests/Info.plist;
				LD_RUNPATH_SEARCH_PATHS = "$(inherited) @executable_path/Frameworks @loader_path/Frameworks";
				PRODUCT_NAME = "$(TARGET_NAME)";
				TEST_HOST = "$(BUILT_PRODUCTS_DIR)/Presenter.app/Presenter";
			};
			name = Release;
		};
/* End XCBuildConfiguration section */

/* Begin XCConfigurationList section */
		FF18F03019EDC2F2009D42F6 /* Build configuration list for PBXProject "Presenter" */ = {
			isa = XCConfigurationList;
			buildConfigurations = (
				FF18F05519EDC2F2009D42F6 /* Debug */,
				FF18F05619EDC2F2009D42F6 /* Release */,
			);
			defaultConfigurationIsVisible = 0;
			defaultConfigurationName = Release;
		};
		FF18F05719EDC2F2009D42F6 /* Build configuration list for PBXNativeTarget "Presenter" */ = {
			isa = XCConfigurationList;
			buildConfigurations = (
				FF18F05819EDC2F2009D42F6 /* Debug */,
				FF18F05919EDC2F2009D42F6 /* Release */,
			);
			defaultConfigurationIsVisible = 0;
			defaultConfigurationName = Release;
		};
		FF18F05A19EDC2F2009D42F6 /* Build configuration list for PBXNativeTarget "PresenterTests" */ = {
			isa = XCConfigurationList;
			buildConfigurations = (
				FF18F05B19EDC2F2009D42F6 /* Debug */,
				FF18F05C19EDC2F2009D42F6 /* Release */,
			);
			defaultConfigurationIsVisible = 0;
			defaultConfigurationName = Release;
		};
/* End XCConfigurationList section */

/* Begin XCVersionGroup section */
		FF18F03C19EDC2F2009D42F6 /* Presenter.xcdatamodeld */ = {
			isa = XCVersionGroup;
			children = (
				FF18F03D19EDC2F2009D42F6 /* Presenter.xcdatamodel */,
			);
			currentVersion = FF18F03D19EDC2F2009D42F6 /* Presenter.xcdatamodel */;
			path = Presenter.xcdatamodeld;
			sourceTree = "<group>";
			versionGroupType = wrapper.xcdatamodel;
		};
/* End XCVersionGroup section */
	};
	rootObject = FF18F02D19EDC2F2009D42F6 /* Project object */;
}
